
Microsoft Visual Studio Solution File, Format Version 12.00
# Visual Studio Version 16
VisualStudioVersion = 16.0.31702.278
MinimumVisualStudioVersion = 10.0.40219.1
Project("{FAE04EC0-301F-11D3-BF4B-00C04F79EFBC}") = "Day3", "Day3.csproj", "{93C77381-6CB2-422D-A490-AB563B500C31}"
EndProject
Global
	GlobalSection(SolutionConfigurationPlatforms) = preSolution
		Debug|Any CPU = Debug|Any CPU
		Release|Any CPU = Release|Any CPU
	EndGlobalSection
	GlobalSection(ProjectConfigurationPlatforms) = postSolution
		{93C77381-6CB2-422D-A490-AB563B500C31}.Debug|Any CPU.ActiveCfg = Debug|Any CPU
		{93C77381-6CB2-422D-A490-AB563B500C31}.Debug|Any CPU.Build.0 = Debug|Any CPU
		{93C77381-6CB2-422D-A490-AB563B500C31}.Release|Any CPU.ActiveCfg = Release|Any CPU
		{93C77381-6CB2-422D-A490-AB563B500C31}.Release|Any CPU.Build.0 = Release|Any CPU
	EndGlobalSection
	GlobalSection(SolutionProperties) = preSolution
		HideSolutionNode = FALSE
	EndGlobalSection
	GlobalSection(ExtensibilityGlobals) = postSolution
		SolutionGuid = {703E4810-C6B2-4F64-9150-869BB044AD06}
	EndGlobalSection
EndGlobal
